
Microsoft Visual Studio Solution File, Format Version 12.00
# Visual Studio Version 17
VisualStudioVersion = 17.11.35327.3
MinimumVisualStudioVersion = 10.0.40219.1
Project("{2150E333-8FDC-42A3-9474-1A3956D46DE8}") = "Services", "Services", "{C8EF420C-3BF5-4BDE-A2ED-1375DB89CD83}"
EndProject
Project("{2150E333-8FDC-42A3-9474-1A3956D46DE8}") = "Catalog", "Catalog", "{FD5A7EEA-4C0D-41B0-9444-0598FA309198}"
EndProject
Project("{FAE04EC0-301F-11D3-BF4B-00C04F79EFBC}") = "MultiShop.Catalog", "Services\Catalog\MultiShop.Catalog\MultiShop.Catalog.csproj", "{1450E1E6-EB5E-41D3-A510-D3338B528732}"
EndProject
Global
	GlobalSection(SolutionConfigurationPlatforms) = preSolution
		Debug|Any CPU = Debug|Any CPU
		Release|Any CPU = Release|Any CPU
	EndGlobalSection
	GlobalSection(ProjectConfigurationPlatforms) = postSolution
		{1450E1E6-EB5E-41D3-A510-D3338B528732}.Debug|Any CPU.ActiveCfg = Debug|Any CPU
		{1450E1E6-EB5E-41D3-A510-D3338B528732}.Debug|Any CPU.Build.0 = Debug|Any CPU
		{1450E1E6-EB5E-41D3-A510-D3338B528732}.Release|Any CPU.ActiveCfg = Release|Any CPU
		{1450E1E6-EB5E-41D3-A510-D3338B528732}.Release|Any CPU.Build.0 = Release|Any CPU
	EndGlobalSection
	GlobalSection(SolutionProperties) = preSolution
		HideSolutionNode = FALSE
	EndGlobalSection
	GlobalSection(NestedProjects) = preSolution
		{FD5A7EEA-4C0D-41B0-9444-0598FA309198} = {C8EF420C-3BF5-4BDE-A2ED-1375DB89CD83}
		{1450E1E6-EB5E-41D3-A510-D3338B528732} = {FD5A7EEA-4C0D-41B0-9444-0598FA309198}
	EndGlobalSection
	GlobalSection(ExtensibilityGlobals) = postSolution
		SolutionGuid = {FF6293EA-5914-4D0F-A557-10E10F3C1EF0}
	EndGlobalSection
EndGlobal
